{
    "_meta": {
        "hash": {
            "sha256": "9484b90bbc2f4f125353c8926d2ba38b0234766c5c40d706582610e651ba934d"
        },
        "pipfile-spec": 6,
        "requires": {
            "python_version": "3.9"
        },
        "sources": [
            {
                "name": "pypi",
                "url": "https://pypi.org/simple",
                "verify_ssl": true
            }
        ]
    },
    "default": {
        "customtkinter": {
            "hashes": [
                "sha256:479ecdcfa91cd54d03be7c302612fcb3719df8928657bab5ea4a0a9e255e7099",
                "sha256:d475da11aeaf4edd83499ceffb9437614d47b2a3c5d41531d115a3ff942d7838"
            ],
            "index": "pypi",
            "version": "==4.6.3"
        },
        "darkdetect": {
            "hashes": [
                "sha256:3efe69f8ecd5f1b7f4fbb0d1d93f656b0e493c45cc49222380ffe2a529cbc866",
                "sha256:47be3cf5134432ddb616bbffc927237718407914993c82809983e7ccebf49013"
            ],
            "version": "==0.7.1"
        }
    },
    "develop": {}
}
